
Microsoft Visual Studio Solution File, Format Version 12.00
# Visual Studio 15
VisualStudioVersion = 15.0.26124.0
MinimumVisualStudioVersion = 15.0.26124.0
Project("{FAE04EC0-301F-11D3-BF4B-00C04F79EFBC}") = "API", "API\API.csproj", "{779859C9-ABA0-402A-BADB-A72346C75443}"
EndProject
Project("{FAE04EC0-301F-11D3-BF4B-00C04F79EFBC}") = "Core", "Core\Core.csproj", "{3ED7C1ED-2689-4A0D-B37A-4A626F69E2CB}"
EndProject
Project("{FAE04EC0-301F-11D3-BF4B-00C04F79EFBC}") = "Infrastructure", "Infrastructure\Infrastructure.csproj", "{CBAC2B0C-5D81-4D6D-B3CA-66C57AA74900}"
EndProject
Global
	GlobalSection(SolutionConfigurationPlatforms) = preSolution
		Debug|Any CPU = Debug|Any CPU
		Debug|x64 = Debug|x64
		Debug|x86 = Debug|x86
		Release|Any CPU = Release|Any CPU
		Release|x64 = Release|x64
		Release|x86 = Release|x86
	EndGlobalSection
	GlobalSection(SolutionProperties) = preSolution
		HideSolutionNode = FALSE
	EndGlobalSection
	GlobalSection(ProjectConfigurationPlatforms) = postSolution
		{779859C9-ABA0-402A-BADB-A72346C75443}.Debug|Any CPU.ActiveCfg = Debug|Any CPU
		{779859C9-ABA0-402A-BADB-A72346C75443}.Debug|Any CPU.Build.0 = Debug|Any CPU
		{779859C9-ABA0-402A-BADB-A72346C75443}.Debug|x64.ActiveCfg = Debug|Any CPU
		{779859C9-ABA0-402A-BADB-A72346C75443}.Debug|x64.Build.0 = Debug|Any CPU
		{779859C9-ABA0-402A-BADB-A72346C75443}.Debug|x86.ActiveCfg = Debug|Any CPU
		{779859C9-ABA0-402A-BADB-A72346C75443}.Debug|x86.Build.0 = Debug|Any CPU
		{779859C9-ABA0-402A-BADB-A72346C75443}.Release|Any CPU.ActiveCfg = Release|Any CPU
		{779859C9-ABA0-402A-BADB-A72346C75443}.Release|Any CPU.Build.0 = Release|Any CPU
		{779859C9-ABA0-402A-BADB-A72346C75443}.Release|x64.ActiveCfg = Release|Any CPU
		{779859C9-ABA0-402A-BADB-A72346C75443}.Release|x64.Build.0 = Release|Any CPU
		{779859C9-ABA0-402A-BADB-A72346C75443}.Release|x86.ActiveCfg = Release|Any CPU
		{779859C9-ABA0-402A-BADB-A72346C75443}.Release|x86.Build.0 = Release|Any CPU
		{3ED7C1ED-2689-4A0D-B37A-4A626F69E2CB}.Debug|Any CPU.ActiveCfg = Debug|Any CPU
		{3ED7C1ED-2689-4A0D-B37A-4A626F69E2CB}.Debug|Any CPU.Build.0 = Debug|Any CPU
		{3ED7C1ED-2689-4A0D-B37A-4A626F69E2CB}.Debug|x64.ActiveCfg = Debug|Any CPU
		{3ED7C1ED-2689-4A0D-B37A-4A626F69E2CB}.Debug|x64.Build.0 = Debug|Any CPU
		{3ED7C1ED-2689-4A0D-B37A-4A626F69E2CB}.Debug|x86.ActiveCfg = Debug|Any CPU
		{3ED7C1ED-2689-4A0D-B37A-4A626F69E2CB}.Debug|x86.Build.0 = Debug|Any CPU
		{3ED7C1ED-2689-4A0D-B37A-4A626F69E2CB}.Release|Any CPU.ActiveCfg = Release|Any CPU
		{3ED7C1ED-2689-4A0D-B37A-4A626F69E2CB}.Release|Any CPU.Build.0 = Release|Any CPU
		{3ED7C1ED-2689-4A0D-B37A-4A626F69E2CB}.Release|x64.ActiveCfg = Release|Any CPU
		{3ED7C1ED-2689-4A0D-B37A-4A626F69E2CB}.Release|x64.Build.0 = Release|Any CPU
		{3ED7C1ED-2689-4A0D-B37A-4A626F69E2CB}.Release|x86.ActiveCfg = Release|Any CPU
		{3ED7C1ED-2689-4A0D-B37A-4A626F69E2CB}.Release|x86.Build.0 = Release|Any CPU
		{CBAC2B0C-5D81-4D6D-B3CA-66C57AA74900}.Debug|Any CPU.ActiveCfg = Debug|Any CPU
		{CBAC2B0C-5D81-4D6D-B3CA-66C57AA74900}.Debug|Any CPU.Build.0 = Debug|Any CPU
		{CBAC2B0C-5D81-4D6D-B3CA-66C57AA74900}.Debug|x64.ActiveCfg = Debug|Any CPU
		{CBAC2B0C-5D81-4D6D-B3CA-66C57AA74900}.Debug|x64.Build.0 = Debug|Any CPU
		{CBAC2B0C-5D81-4D6D-B3CA-66C57AA74900}.Debug|x86.ActiveCfg = Debug|Any CPU
		{CBAC2B0C-5D81-4D6D-B3CA-66C57AA74900}.Debug|x86.Build.0 = Debug|Any CPU
		{CBAC2B0C-5D81-4D6D-B3CA-66C57AA74900}.Release|Any CPU.ActiveCfg = Release|Any CPU
		{CBAC2B0C-5D81-4D6D-B3CA-66C57AA74900}.Release|Any CPU.Build.0 = Release|Any CPU
		{CBAC2B0C-5D81-4D6D-B3CA-66C57AA74900}.Release|x64.ActiveCfg = Release|Any CPU
		{CBAC2B0C-5D81-4D6D-B3CA-66C57AA74900}.Release|x64.Build.0 = Release|Any CPU
		{CBAC2B0C-5D81-4D6D-B3CA-66C57AA74900}.Release|x86.ActiveCfg = Release|Any CPU
		{CBAC2B0C-5D81-4D6D-B3CA-66C57AA74900}.Release|x86.Build.0 = Release|Any CPU
	EndGlobalSection
EndGlobal
